PODS:
  - BoringSSL (10.0.3):
    - BoringSSL/Implementation (= 10.0.3)
    - BoringSSL/Interface (= 10.0.3)
  - BoringSSL/Implementation (10.0.3):
    - BoringSSL/Interface (= 10.0.3)
  - BoringSSL/Interface (10.0.3)
  - CommonWallet (1.5.0):
    - IrohaCommunication (~> 3.4.1)
    - RobinHood (~> 2.0.0)
    - SoraUI (~> 1.8.7)
  - Crashlytics (3.12.0):
    - Fabric (~> 1.9.0)
  - Cuckoo (1.2.0):
    - Cuckoo/Swift (= 1.2.0)
  - Cuckoo/Swift (1.2.0)
  - Fabric (1.9.0)
  - gRPC (1.11.0):
    - gRPC-RxLibrary (= 1.11.0)
    - gRPC/Main (= 1.11.0)
  - gRPC-Core (1.11.0):
    - gRPC-Core/Implementation (= 1.11.0)
    - gRPC-Core/Interface (= 1.11.0)
  - gRPC-Core/Implementation (1.11.0):
    - BoringSSL (~> 10.0)
    - gRPC-Core/Interface (= 1.11.0)
    - nanopb (~> 0.3)
  - gRPC-Core/Interface (1.11.0)
  - gRPC-ProtoRPC (1.11.0):
    - gRPC (= 1.11.0)
    - gRPC-RxLibrary (= 1.11.0)
    - Protobuf (~> 3.0)
  - gRPC-RxLibrary (1.11.0)
  - gRPC/Main (1.11.0):
    - gRPC-Core (= 1.11.0)
    - gRPC-RxLibrary (= 1.11.0)
  - IrohaCommunication (3.4.1):
    - BoringSSL (= 10.0.3)
    - gRPC-ProtoRPC (= 1.11.0)
    - IrohaCrypto
    - nanopb (= 0.3.8)
    - Protobuf (~> 3.5.0)
  - IrohaCrypto (0.2.6)
  - nanopb (0.3.8):
    - nanopb/decode (= 0.3.8)
    - nanopb/encode (= 0.3.8)
  - nanopb/decode (0.3.8)
  - nanopb/encode (0.3.8)
  - OHHTTPStubs/Core (8.0.0)
  - OHHTTPStubs/Default (8.0.0):
    - OHHTTPStubs/Core
    - OHHTTPStubs/JSON
    - OHHTTPStubs/NSURLSession
    - OHHTTPStubs/OHPathHelpers
  - OHHTTPStubs/JSON (8.0.0):
    - OHHTTPStubs/Core
  - OHHTTPStubs/NSURLSession (8.0.0):
    - OHHTTPStubs/Core
  - OHHTTPStubs/OHPathHelpers (8.0.0)
  - OHHTTPStubs/Swift (8.0.0):
    - OHHTTPStubs/Default
  - Protobuf (3.5.0)
  - RobinHood (2.0.1)
  - SoraUI (1.8.7):
    - SoraUI/AdaptiveDesign (= 1.8.7)
    - SoraUI/Animator (= 1.8.7)
    - SoraUI/Camera (= 1.8.7)
    - SoraUI/Controls (= 1.8.7)
    - SoraUI/DetailsView (= 1.8.7)
    - SoraUI/EmptyState (= 1.8.7)
    - SoraUI/LoadingView (= 1.8.7)
    - SoraUI/ModalInputPresentation (= 1.8.7)
    - SoraUI/PageLoader (= 1.8.7)
    - SoraUI/PinView (= 1.8.7)
    - SoraUI/Skrull (= 1.8.7)
  - SoraUI/AdaptiveDesign (1.8.7)
  - SoraUI/Animator (1.8.7)
  - SoraUI/Camera (1.8.7)
  - SoraUI/Controls (1.8.7)
  - SoraUI/DetailsView (1.8.7):
    - SoraUI/Controls
  - SoraUI/EmptyState (1.8.7):
    - SoraUI/Animator
  - SoraUI/LoadingView (1.8.7):
    - SoraUI/Controls
  - SoraUI/ModalInputPresentation (1.8.7):
    - SoraUI/Animator
  - SoraUI/PageLoader (1.8.7)
  - SoraUI/PinView (1.8.7):
    - SoraUI/Controls
  - SoraUI/Skrull (1.8.7)
  - SwiftLint (0.31.0)

DEPENDENCIES:
  - CommonWallet (from `../`)
  - Crashlytics (= 3.12.0)
  - Cuckoo
  - Fabric (= 1.9.0)
  - OHHTTPStubs/Swift
  - SwiftLint (= 0.31.0)

SPEC REPOS:
  https://github.com/CocoaPods/Specs.git:
    - BoringSSL
    - Crashlytics
    - Cuckoo
    - Fabric
    - gRPC
    - gRPC-Core
    - gRPC-ProtoRPC
    - gRPC-RxLibrary
    - IrohaCommunication
    - IrohaCrypto
    - nanopb
    - OHHTTPStubs
    - Protobuf
    - RobinHood
    - SoraUI
    - SwiftLint

EXTERNAL SOURCES:
  CommonWallet:
    :path: "../"

SPEC CHECKSUMS:
  BoringSSL: c46efb47593135382bc0934196f16d2f726f5f36
  CommonWallet: 140172f9009dcc54ff51d29bd151ec120b67dea0
  Crashlytics: 07fb167b1694128c1c9a5a5cc319b0e9c3ca0933
  Cuckoo: f5f4e7c308c512cc2dedbdce23f5dc6985cb5173
  Fabric: f988e33c97f08930a413e08123064d2e5f68d655
  gRPC: 70703dc9ba31c72341fc7f37745cc1c379edee96
  gRPC-Core: 164639cd8ae18ca8b65477fafb2efbaecf4f181a
  gRPC-ProtoRPC: bb5fddf3424aa4fad74d76736578a79fe40e244e
  gRPC-RxLibrary: 26d53d1b1f306befd4ad4e15bd6de27839a82481
  IrohaCommunication: 988a6f7fe468a863486e183fb8da617519ccb94e
  IrohaCrypto: 4eb85b5edbf7667b5ffcef1b5104357f18ca8e81
  nanopb: 5601e6bca2dbf1ed831b519092ec110f66982ca3
  OHHTTPStubs: 9cbce6364bec557cc3439aa6bb7514670d780881
  Protobuf: 8a9838fba8dae3389230e1b7f8c104aa32389c03
  RobinHood: ed86ee904084d3a3b731dc57f5209c4e45fe33dc
  SoraUI: d497b990f00b33d1b099f73da93fff555f36b722
  SwiftLint: 7a0227733d786395817373b2d0ca799fd0093ff3

PODFILE CHECKSUM: 719c3bcb0fc1143cf302fd7dbd459de459cecb8e

COCOAPODS: 1.8.4
